{
	"name": "ovh-vps",
	"version": "1.1.1",
	"lockfileVersion": 3,
	"requires": true,
	"packages": {
		"": {
			"name": "ovh-vps",
			"version": "1.1.1",
			"license": "SEE LICENSE IN LICENSE",
			"devDependencies": {
				"@cspell/dict-bash": "^4.2.2",
				"@cspell/dict-companies": "^3.2.10",
				"@cspell/dict-css": "^4.0.19",
				"@cspell/dict-docker": "^1.1.17",
				"@cspell/dict-fr-fr": "^2.3.2",
				"@cspell/dict-git": "^3.1.0",
				"@cspell/dict-html": "^4.0.14",
				"@cspell/dict-k8s": "^1.0.12",
				"@cspell/dict-markdown": "^2.0.14",
				"@cspell/dict-node": "^5.0.9",
				"@cspell/dict-npm": "^5.2.30",
				"@cspell/dict-powershell": "^5.0.15",
				"@cspell/dict-python": "^4.2.25",
				"@cspell/dict-software-terms": "^5.1.20",
				"@cspell/dict-sql": "^2.2.1",
				"@cspell/dict-typescript": "^3.2.3",
				"husky": "^9.1.7",
				"prettier": "^3.8.1",
				"prettier-plugin-sh": "^0.18.0"
			}
		},
		"node_modules/@cspell/dict-bash": {
			"version": "4.2.2",
			"resolved": "https://registry.npmjs.org/@cspell/dict-bash/-/dict-bash-4.2.2.tgz",
			"integrity": "sha512-kyWbwtX3TsCf5l49gGQIZkRLaB/P8g73GDRm41Zu8Mv51kjl2H7Au0TsEvHv7jzcsRLS6aUYaZv6Zsvk1fOz+Q==",
			"dev": true,
			"license": "MIT",
			"dependencies": {
				"@cspell/dict-shell": "1.1.2"
			}
		},
		"node_modules/@cspell/dict-companies": {
			"version": "3.2.10",
			"resolved": "https://registry.npmjs.org/@cspell/dict-companies/-/dict-companies-3.2.10.tgz",
			"integrity": "sha512-bJ1qnO1DkTn7JYGXvxp8FRQc4yq6tRXnrII+jbP8hHmq5TX5o1Wu+rdfpoUQaMWTl6balRvcMYiINDesnpR9Bw==",
			"dev": true,
			"license": "MIT"
		},
		"node_modules/@cspell/dict-css": {
			"version": "4.0.19",
			"resolved": "https://registry.npmjs.org/@cspell/dict-css/-/dict-css-4.0.19.tgz",
			"integrity": "sha512-VYHtPnZt/Zd/ATbW3rtexWpBnHUohUrQOHff/2JBhsVgxOrksAxJnLAO43Q1ayLJBJUUwNVo+RU0sx0aaysZfg==",
			"dev": true,
			"license": "MIT"
		},
		"node_modules/@cspell/dict-data-science": {
			"version": "2.0.13",
			"resolved": "https://registry.npmjs.org/@cspell/dict-data-science/-/dict-data-science-2.0.13.tgz",
			"integrity": "sha512-l1HMEhBJkPmw4I2YGVu2eBSKM89K9pVF+N6qIr5Uo5H3O979jVodtuwP8I7LyPrJnC6nz28oxeGRCLh9xC5CVA==",
			"dev": true,
			"license": "MIT"
		},
		"node_modules/@cspell/dict-docker": {
			"version": "1.1.17",
			"resolved": "https://registry.npmjs.org/@cspell/dict-docker/-/dict-docker-1.1.17.tgz",
			"integrity": "sha512-OcnVTIpHIYYKhztNTyK8ShAnXTfnqs43hVH6p0py0wlcwRIXe5uj4f12n7zPf2CeBI7JAlPjEsV0Rlf4hbz/xQ==",
			"dev": true,
			"license": "MIT"
		},
		"node_modules/@cspell/dict-fr-fr": {
			"version": "2.3.2",
			"resolved": "https://registry.npmjs.org/@cspell/dict-fr-fr/-/dict-fr-fr-2.3.2.tgz",
			"integrity": "sha512-cPNjlavSiMfH/bB/Zl5GEF+94s6C77mdvghvVsclco1Ly0VWN3EpH5L9EE3bDGLDpE7m9EnYfRs8TOfZugGrUg==",
			"dev": true,
			"license": "MIT"
		},
		"node_modules/@cspell/dict-git": {
			"version": "3.1.0",
			"resolved": "https://registry.npmjs.org/@cspell/dict-git/-/dict-git-3.1.0.tgz",
			"integrity": "sha512-KEt9zGkxqGy2q1nwH4CbyqTSv5nadpn8BAlDnzlRcnL0Xb3LX9xTgSGShKvzb0bw35lHoYyLWN2ZKAqbC4pgGQ==",
			"dev": true,
			"license": "MIT"
		},
		"node_modules/@cspell/dict-html": {
			"version": "4.0.14",
			"resolved": "https://registry.npmjs.org/@cspell/dict-html/-/dict-html-4.0.14.tgz",
			"integrity": "sha512-2bf7n+kS92g+cMKV0wr9o/Oq9n8JzU7CcrB96gIh2GHgnF+0xDOqO2W/1KeFAqOfqosoOVE48t+4dnEMkkoJ2Q==",
			"dev": true,
			"license": "MIT"
		},
		"node_modules/@cspell/dict-html-symbol-entities": {
			"version": "4.0.5",
			"resolved": "https://registry.npmjs.org/@cspell/dict-html-symbol-entities/-/dict-html-symbol-entities-4.0.5.tgz",
			"integrity": "sha512-429alTD4cE0FIwpMucvSN35Ld87HCyuM8mF731KU5Rm4Je2SG6hmVx7nkBsLyrmH3sQukTcr1GaiZsiEg8svPA==",
			"dev": true,
			"license": "MIT",
			"peer": true
		},
		"node_modules/@cspell/dict-k8s": {
			"version": "1.0.12",
			"resolved": "https://registry.npmjs.org/@cspell/dict-k8s/-/dict-k8s-1.0.12.tgz",
			"integrity": "sha512-2LcllTWgaTfYC7DmkMPOn9GsBWsA4DZdlun4po8s2ysTP7CPEnZc1ZfK6pZ2eI4TsZemlUQQ+NZxMe9/QutQxg==",
			"dev": true,
			"license": "MIT"
		},
		"node_modules/@cspell/dict-markdown": {
			"version": "2.0.14",
			"resolved": "https://registry.npmjs.org/@cspell/dict-markdown/-/dict-markdown-2.0.14.tgz",
			"integrity": "sha512-uLKPNJsUcumMQTsZZgAK9RgDLyQhUz/uvbQTEkvF/Q4XfC1i/BnA8XrOrd0+Vp6+tPOKyA+omI5LRWfMu5K/Lw==",
			"dev": true,
			"license": "MIT",
			"peerDependencies": {
				"@cspell/dict-css": "^4.0.19",
				"@cspell/dict-html": "^4.0.14",
				"@cspell/dict-html-symbol-entities": "^4.0.5",
				"@cspell/dict-typescript": "^3.2.3"
			}
		},
		"node_modules/@cspell/dict-node": {
			"version": "5.0.9",
			"resolved": "https://registry.npmjs.org/@cspell/dict-node/-/dict-node-5.0.9.tgz",
			"integrity": "sha512-hO+ga+uYZ/WA4OtiMEyKt5rDUlUyu3nXMf8KVEeqq2msYvAPdldKBGH7lGONg6R/rPhv53Rb+0Y1SLdoK1+7wQ==",
			"dev": true,
			"license": "MIT"
		},
		"node_modules/@cspell/dict-npm": {
			"version": "5.2.30",
			"resolved": "https://registry.npmjs.org/@cspell/dict-npm/-/dict-npm-5.2.30.tgz",
			"integrity": "sha512-GHgl3wAkoi87y3AXE1Bogwt0wHCB3uydOx6p8ujjXg9Ba9twlOK2SzD6LrClHoWrnADuGZZIxLnesDA6GtlH4w==",
			"dev": true,
			"license": "MIT"
		},
		"node_modules/@cspell/dict-powershell": {
			"version": "5.0.15",
			"resolved": "https://registry.npmjs.org/@cspell/dict-powershell/-/dict-powershell-5.0.15.tgz",
			"integrity": "sha512-l4S5PAcvCFcVDMJShrYD0X6Huv9dcsQPlsVsBGbH38wvuN7gS7+GxZFAjTNxDmTY1wrNi1cCatSg6Pu2BW4rgg==",
			"dev": true,
			"license": "MIT"
		},
		"node_modules/@cspell/dict-python": {
			"version": "4.2.25",
			"resolved": "https://registry.npmjs.org/@cspell/dict-python/-/dict-python-4.2.25.tgz",
			"integrity": "sha512-hDdN0YhKgpbtZVRjQ2c8jk+n0wQdidAKj1Fk8w7KEHb3YlY5uPJ0mAKJk7AJKPNLOlILoUmN+HAVJz+cfSbWYg==",
			"dev": true,
			"license": "MIT",
			"dependencies": {
				"@cspell/dict-data-science": "^2.0.13"
			}
		},
		"node_modules/@cspell/dict-shell": {
			"version": "1.1.2",
			"resolved": "https://registry.npmjs.org/@cspell/dict-shell/-/dict-shell-1.1.2.tgz",
			"integrity": "sha512-WqOUvnwcHK1X61wAfwyXq04cn7KYyskg90j4lLg3sGGKMW9Sq13hs91pqrjC44Q+lQLgCobrTkMDw9Wyl9nRFA==",
			"dev": true,
			"license": "MIT"
		},
		"node_modules/@cspell/dict-software-terms": {
			"version": "5.1.20",
			"resolved": "https://registry.npmjs.org/@cspell/dict-software-terms/-/dict-software-terms-5.1.20.tgz",
			"integrity": "sha512-TEk1xHvetTI4pv7Vzje1D322m6QEjaH2P6ucOOf6q7EJCppQIdC0lZSXkgHJAFU5HGSvEXSzvnVeW2RHW86ziQ==",
			"dev": true,
			"license": "MIT"
		},
		"node_modules/@cspell/dict-sql": {
			"version": "2.2.1",
			"resolved": "https://registry.npmjs.org/@cspell/dict-sql/-/dict-sql-2.2.1.tgz",
			"integrity": "sha512-qDHF8MpAYCf4pWU8NKbnVGzkoxMNrFqBHyG/dgrlic5EQiKANCLELYtGlX5auIMDLmTf1inA0eNtv74tyRJ/vg==",
			"dev": true,
			"license": "MIT"
		},
		"node_modules/@cspell/dict-typescript": {
			"version": "3.2.3",
			"resolved": "https://registry.npmjs.org/@cspell/dict-typescript/-/dict-typescript-3.2.3.tgz",
			"integrity": "sha512-zXh1wYsNljQZfWWdSPYwQhpwiuW0KPW1dSd8idjMRvSD0aSvWWHoWlrMsmZeRl4qM4QCEAjua8+cjflm41cQBg==",
			"dev": true,
			"license": "MIT"
		},
		"node_modules/@reteps/dockerfmt": {
			"version": "0.3.6",
			"resolved": "https://registry.npmjs.org/@reteps/dockerfmt/-/dockerfmt-0.3.6.tgz",
			"integrity": "sha512-Tb5wIMvBf/nLejTQ61krK644/CEMB/cpiaIFXqGApfGqO3GwcR3qnI0DbmkFVCl2OyEp8LnLX3EkucoL0+tbFg==",
			"dev": true,
			"license": "MIT",
			"engines": {
				"node": "^v12.20.0 || ^14.13.0 || >=16.0.0"
			}
		},
		"node_modules/husky": {
			"version": "9.1.7",
			"resolved": "https://registry.npmjs.org/husky/-/husky-9.1.7.tgz",
			"integrity": "sha512-5gs5ytaNjBrh5Ow3zrvdUUY+0VxIuWVL4i9irt6friV+BqdCfmV11CQTWMiBYWHbXhco+J1kHfTOUkePhCDvMA==",
			"dev": true,
			"license": "MIT",
			"bin": {
				"husky": "bin.js"
			},
			"engines": {
				"node": ">=18"
			},
			"funding": {
				"url": "https://github.com/sponsors/typicode"
			}
		},
		"node_modules/prettier": {
			"version": "3.8.1",
			"resolved": "https://registry.npmjs.org/prettier/-/prettier-3.8.1.tgz",
			"integrity": "sha512-UOnG6LftzbdaHZcKoPFtOcCKztrQ57WkHDeRD9t/PTQtmT0NHSeWWepj6pS0z/N7+08BHFDQVUrfmfMRcZwbMg==",
			"dev": true,
			"license": "MIT",
			"bin": {
				"prettier": "bin/prettier.cjs"
			},
			"engines": {
				"node": ">=14"
			},
			"funding": {
				"url": "https://github.com/prettier/prettier?sponsor=1"
			}
		},
		"node_modules/prettier-plugin-sh": {
			"version": "0.18.0",
			"resolved": "https://registry.npmjs.org/prettier-plugin-sh/-/prettier-plugin-sh-0.18.0.tgz",
			"integrity": "sha512-cW1XL27FOJQ/qGHOW6IHwdCiNWQsAgK+feA8V6+xUTaH0cD3Mh+tFAtBvEEWvuY6hTDzRV943Fzeii+qMOh7nQ==",
			"dev": true,
			"license": "MIT",
			"dependencies": {
				"@reteps/dockerfmt": "^0.3.6",
				"sh-syntax": "^0.5.8"
			},
			"engines": {
				"node": ">=16.0.0"
			},
			"funding": {
				"url": "https://opencollective.com/unts"
			},
			"peerDependencies": {
				"prettier": "^3.6.0"
			}
		},
		"node_modules/sh-syntax": {
			"version": "0.5.8",
			"resolved": "https://registry.npmjs.org/sh-syntax/-/sh-syntax-0.5.8.tgz",
			"integrity": "sha512-JfVoxf4FxQI5qpsPbkHhZo+n6N9YMJobyl4oGEUBb/31oQYlgTjkXQD8PBiafS2UbWoxrTO0Z5PJUBXEPAG1Zw==",
			"dev": true,
			"license": "MIT",
			"dependencies": {
				"tslib": "^2.8.1"
			},
			"engines": {
				"node": ">=16.0.0"
			},
			"funding": {
				"url": "https://opencollective.com/sh-syntax"
			}
		},
		"node_modules/tslib": {
			"version": "2.8.1",
			"resolved": "https://registry.npmjs.org/tslib/-/tslib-2.8.1.tgz",
			"integrity": "sha512-oJFu94HQb+KVduSUQL7wnpmqnfmLsOA/nAh6b6EH0wCEoK0/mPeXU6c3wKDV83MkOuHPRHtSXKKU99IBazS/2w==",
			"dev": true,
			"license": "0BSD"
		}
	}
}
